
Microsoft Visual Studio Solution File, Format Version 12.00
# Visual Studio Version 16
VisualStudioVersion = 16.0.30309.148
MinimumVisualStudioVersion = 10.0.40219.1
Project("{FAE04EC0-301F-11D3-BF4B-00C04F79EFBC}") = "RentACar", "RentACar.csproj", "{207B588E-307C-44E4-921B-77EF7879E921}"
EndProject
Global
	GlobalSection(SolutionConfigurationPlatforms) = preSolution
		Debug|Any CPU = Debug|Any CPU
		Release|Any CPU = Release|Any CPU
	EndGlobalSection
	GlobalSection(ProjectConfigurationPlatforms) = postSolution
		{207B588E-307C-44E4-921B-77EF7879E921}.Debug|Any CPU.ActiveCfg = Debug|Any CPU
		{207B588E-307C-44E4-921B-77EF7879E921}.Debug|Any CPU.Build.0 = Debug|Any CPU
		{207B588E-307C-44E4-921B-77EF7879E921}.Release|Any CPU.ActiveCfg = Release|Any CPU
		{207B588E-307C-44E4-921B-77EF7879E921}.Release|Any CPU.Build.0 = Release|Any CPU
	EndGlobalSection
	GlobalSection(SolutionProperties) = preSolution
		HideSolutionNode = FALSE
	EndGlobalSection
	GlobalSection(ExtensibilityGlobals) = postSolution
		SolutionGuid = {154D8EFD-76F4-42ED-BE0B-8BAC6CC41703}
	EndGlobalSection
EndGlobal
